
Microsoft Visual Studio Solution File, Format Version 12.00
# Visual Studio 15
VisualStudioVersion = 15.0.28307.1062
MinimumVisualStudioVersion = 10.0.40219.1
Project("{8BC9CEB8-8B4A-11D0-8D11-00A0C91BC942}") = "ArrayMFC", "ArrayMFC\ArrayMFC.vcxproj", "{3B84AC0F-8C71-49C8-A395-9B1AC3801C3C}"
EndProject
Global
	GlobalSection(SolutionConfigurationPlatforms) = preSolution
		Debug|x64 = Debug|x64
		Debug|x86 = Debug|x86
		Release|x64 = Release|x64
		Release|x86 = Release|x86
	EndGlobalSection
	GlobalSection(ProjectConfigurationPlatforms) = postSolution
		{3B84AC0F-8C71-49C8-A395-9B1AC3801C3C}.Debug|x64.ActiveCfg = Debug|x64
		{3B84AC0F-8C71-49C8-A395-9B1AC3801C3C}.Debug|x64.Build.0 = Debug|x64
		{3B84AC0F-8C71-49C8-A395-9B1AC3801C3C}.Debug|x86.ActiveCfg = Debug|Win32
		{3B84AC0F-8C71-49C8-A395-9B1AC3801C3C}.Debug|x86.Build.0 = Debug|Win32
		{3B84AC0F-8C71-49C8-A395-9B1AC3801C3C}.Release|x64.ActiveCfg = Release|x64
		{3B84AC0F-8C71-49C8-A395-9B1AC3801C3C}.Release|x64.Build.0 = Release|x64
		{3B84AC0F-8C71-49C8-A395-9B1AC3801C3C}.Release|x86.ActiveCfg = Release|Win32
		{3B84AC0F-8C71-49C8-A395-9B1AC3801C3C}.Release|x86.Build.0 = Release|Win32
	EndGlobalSection
	GlobalSection(SolutionProperties) = preSolution
		HideSolutionNode = FALSE
	EndGlobalSection
	GlobalSection(ExtensibilityGlobals) = postSolution
		SolutionGuid = {944115B2-2FB5-4860-9AAD-F4F5978E872F}
	EndGlobalSection
EndGlobal
